<?xml version="1.0" encoding="utf-8"?>
<Project ToolsVersion="4.0" xmlns="http://schemas.microsoft.com/developer/msbuild/2003">
  <ItemGroup>
    <ClCompile Include="..\dependencies\glad\glad\glad.c">
      <Filter>glad\Source Files</Filter>
    </ClCompile>
    <ClCompile Include="..\dependencies\stb_image\stb_image\stb_image.cpp">
      <Filter>stb_image\Source Files</Filter>
    </ClCompile>
    <ClCompile Include="..\dependencies\imgui\imgui\imgui.cpp">
      <Filter>imgui\Source Files</Filter>
    </ClCompile>
    <ClCompile Include="..\dependencies\imgui\imgui\imgui_demo.cpp">
      <Filter>imgui\Source Files</Filter>
    </ClCompile>
    <ClCompile Include="..\dependencies\imgui\imgui\imgui_draw.cpp">
      <Filter>imgui\Source Files</Filter>
    </ClCompile>
    <ClCompile Include="..\dependencies\imgui\imgui\imgui_impl_glfw.cpp">
      <Filter>imgui\Source Files</Filter>
    </ClCompile>
    <ClCompile Include="..\dependencies\imgui\imgui\imgui_impl_opengl3.cpp">
      <Filter>imgui\Source Files</Filter>
    </ClCompile>
    <ClCompile Include="..\dependencies\imgui\imgui\imgui_widgets.cpp">
      <Filter>imgui\Source Files</Filter>
    </ClCompile>
    <ClCompile Include="..\src\Camera.cpp">
      <Filter>Hands-In-The-Web\Source Files\Base</Filter>
    </ClCompile>
    <ClCompile Include="..\src\FiniteStateMachine.cpp">
      <Filter>Hands-In-The-Web\Source Files\Base</Filter>
    </ClCompile>
    <ClCompile Include="..\src\Game.cpp">
      <Filter>Hands-In-The-Web\Source Files\Base</Filter>
    </ClCompile>
    <ClCompile Include="..\src\main.cpp">
      <Filter>Hands-In-The-Web\Source Files\Base</Filter>
    </ClCompile>
    <ClCompile Include="..\src\Shader.cpp">
      <Filter>Hands-In-The-Web\Source Files\Base</Filter>
    </ClCompile>
    <ClCompile Include="..\src\ShaderLoader.cpp">
      <Filter>Hands-In-The-Web\Source Files\Base</Filter>
    </ClCompile>
    <ClCompile Include="..\src\Texture.cpp">
      <Filter>Hands-In-The-Web\Source Files\Base</Filter>
    </ClCompile>
    <ClCompile Include="..\src\TextureLoader.cpp">
      <Filter>Hands-In-The-Web\Source Files\Base</Filter>
    </ClCompile>
    <ClCompile Include="..\src\Window.cpp">
      <Filter>Hands-In-The-Web\Source Files\Base</Filter>
    </ClCompile>
    <ClCompile Include="..\src\Quat.cpp">
      <Filter>Hands-In-The-Web\Source Files\Math</Filter>
    </ClCompile>
    <ClCompile Include="..\src\Transform.cpp">
      <Filter>Hands-In-The-Web\Source Files\Math</Filter>
    </ClCompile>
    <ClCompile Include="..\src\Track.cpp">
      <Filter>Hands-In-The-Web\Source Files\Animation</Filter>
    </ClCompile>
    <ClCompile Include="..\src\TransformTrack.cpp">
      <Filter>Hands-In-The-Web\Source Files\Animation</Filter>
    </ClCompile>
    <ClCompile Include="..\src\Pose.cpp">
      <Filter>Hands-In-The-Web\Source Files\Animation</Filter>
    </ClCompile>
    <ClCompile Include="..\src\Clip.cpp">
      <Filter>Hands-In-The-Web\Source Files\Animation</Filter>
    </ClCompile>
    <ClCompile Include="..\src\Skeleton.cpp">
      <Filter>Hands-In-The-Web\Source Files\Animation</Filter>
    </ClCompile>
    <ClCompile Include="..\dependencies\cgltf\cgltf\cgltf.c">
      <Filter>cgltf\Source Files</Filter>
    </ClCompile>
    <ClCompile Include="..\src\GLTFLoader.cpp">
      <Filter>Hands-In-The-Web\Source Files\GLTF</Filter>
    </ClCompile>
    <ClCompile Include="..\src\RearrangeBones.cpp">
      <Filter>Hands-In-The-Web\Source Files\Animation</Filter>
    </ClCompile>
    <ClCompile Include="..\src\AnimatedMesh.cpp">
      <Filter>Hands-In-The-Web\Source Files\Base</Filter>
    </ClCompile>
    <ClCompile Include="..\src\Blending.cpp">
      <Filter>Hands-In-The-Web\Source Files\Animation\Blending</Filter>
    </ClCompile>
    <ClCompile Include="..\src\Ray.cpp">
      <Filter>Hands-In-The-Web\Source Files\Physics</Filter>
    </ClCompile>
    <ClCompile Include="..\src\Triangle.cpp">
      <Filter>Hands-In-The-Web\Source Files\Physics</Filter>
    </ClCompile>
    <ClCompile Include="..\src\CrossFadeTarget.cpp">
      <Filter>Hands-In-The-Web\Source Files\Animation\Blending</Filter>
    </ClCompile>
    <ClCompile Include="..\src\CrossFadeControllerMultiple.cpp">
      <Filter>Hands-In-The-Web\Source Files\Animation\Blending</Filter>
    </ClCompile>
    <ClCompile Include="..\src\Camera3.cpp">
      <Filter>Hands-In-The-Web\Source Files\Base</Filter>
    </ClCompile>
    <ClCompile Include="..\src\PlayState.cpp">
      <Filter>Hands-In-The-Web\Source Files\Base</Filter>
    </ClCompile>
    <ClCompile Include="..\src\AudioSource.cpp">
      <Filter>Hands-In-The-Web\Source Files\Base</Filter>
    </ClCompile>
    <ClCompile Include="..\src\AudioEngine.cpp">
      <Filter>Hands-In-The-Web\Source Files\Base</Filter>
    </ClCompile>
    <ClCompile Include="..\dependencies\dr_libs\dr_libs\dr_wav.c">
      <Filter>dr_libs\Source Files</Filter>
    </ClCompile>
    <ClCompile Include="..\src\Utility.cpp">
      <Filter>Hands-In-The-Web\Source Files\Math</Filter>
    </ClCompile>
    <ClCompile Include="..\src\StaticMesh.cpp">
      <Filter>Hands-In-The-Web\Source Files\Base</Filter>
    </ClCompile>
    <ClCompile Include="..\src\Plane.cpp">
      <Filter>Hands-In-The-Web\Source Files\Physics</Filter>
    </ClCompile>
    <ClCompile Include="..\src\SimpleMesh.cpp">
      <Filter>Hands-In-The-Web\Source Files\Base</Filter>
    </ClCompile>
    <ClCompile Include="..\src\Sky.cpp">
      <Filter>Hands-In-The-Web\Source Files\Base</Filter>
    </ClCompile>
    <ClCompile Include="..\dependencies\imgui\imgui\imgui_tables.cpp">
      <Filter>imgui\Source Files</Filter>
    </ClCompile>
    <ClCompile Include="..\dependencies\draco\draco\attributes\attribute_octahedron_transform.cc">
      <Filter>draco\attributes</Filter>
    </ClCompile>
    <ClCompile Include="..\dependencies\draco\draco\attributes\attribute_quantization_transform.cc">
      <Filter>draco\attributes</Filter>
    </ClCompile>
    <ClCompile Include="..\dependencies\draco\draco\attributes\attribute_transform.cc">
      <Filter>draco\attributes</Filter>
    </ClCompile>
    <ClCompile Include="..\dependencies\draco\draco\attributes\geometry_attribute.cc">
      <Filter>draco\attributes</Filter>
    </ClCompile>
    <ClCompile Include="..\dependencies\draco\draco\attributes\point_attribute.cc">
      <Filter>draco\attributes</Filter>
    </ClCompile>
    <ClCompile Include="..\dependencies\draco\draco\core\quantization_utils.cc">
      <Filter>draco\core</Filter>
    </ClCompile>
    <ClCompile Include="..\dependencies\draco\draco\core\options.cc">
      <Filter>draco\core</Filter>
    </ClCompile>
    <ClCompile Include="..\dependencies\draco\draco\core\hash_utils.cc">
      <Filter>draco\core</Filter>
    </ClCompile>
    <ClCompile Include="..\dependencies\draco\draco\core\draco_types.cc">
      <Filter>draco\core</Filter>
    </ClCompile>
    <ClCompile Include="..\dependencies\draco\draco\core\divide.cc">
      <Filter>draco\core</Filter>
    </ClCompile>
    <ClCompile Include="..\dependencies\draco\draco\core\decoder_buffer.cc">
      <Filter>draco\core</Filter>
    </ClCompile>
    <ClCompile Include="..\dependencies\draco\draco\core\data_buffer.cc">
      <Filter>draco\core</Filter>
    </ClCompile>
    <ClCompile Include="..\dependencies\draco\draco\core\cycle_timer.cc">
      <Filter>draco\core</Filter>
    </ClCompile>
    <ClCompile Include="..\dependencies\draco\draco\core\bounding_box.cc">
      <Filter>draco\core</Filter>
    </ClCompile>
    <ClCompile Include="..\dependencies\draco\draco\core\bit_utils.cc">
      <Filter>draco\core</Filter>
    </ClCompile>
    <ClCompile Include="..\dependencies\draco\draco\mesh\corner_table.cc">
      <Filter>draco\mesh</Filter>
    </ClCompile>
    <ClCompile Include="..\dependencies\draco\draco\mesh\mesh.cc">
      <Filter>draco\mesh</Filter>
    </ClCompile>
    <ClCompile Include="..\dependencies\draco\draco\mesh\mesh_are_equivalent.cc">
      <Filter>draco\mesh</Filter>
    </ClCompile>
    <ClCompile Include="..\dependencies\draco\draco\mesh\mesh_attribute_corner_table.cc">
      <Filter>draco\mesh</Filter>
    </ClCompile>
    <ClCompile Include="..\dependencies\draco\draco\mesh\mesh_cleanup.cc">
      <Filter>draco\mesh</Filter>
    </ClCompile>
    <ClCompile Include="..\dependencies\draco\draco\mesh\mesh_misc_functions.cc">
      <Filter>draco\mesh</Filter>
    </ClCompile>
    <ClCompile Include="..\dependencies\draco\draco\mesh\mesh_splitter.cc">
      <Filter>draco\mesh</Filter>
    </ClCompile>
    <ClCompile Include="..\dependencies\draco\draco\mesh\mesh_stripifier.cc">
      <Filter>draco\mesh</Filter>
    </ClCompile>
    <ClCompile Include="..\dependencies\draco\draco\mesh\mesh_utils.cc">
      <Filter>draco\mesh</Filter>
    </ClCompile>
    <ClCompile Include="..\dependencies\draco\draco\mesh\triangle_soup_mesh_builder.cc">
      <Filter>draco\mesh</Filter>
    </ClCompile>
    <ClCompile Include="..\dependencies\draco\draco\metadata\geometry_metadata.cc">
      <Filter>draco\metadata</Filter>
    </ClCompile>
    <ClCompile Include="..\dependencies\draco\draco\metadata\metadata.cc">
      <Filter>draco\metadata</Filter>
    </ClCompile>
    <ClCompile Include="..\dependencies\draco\draco\metadata\metadata_decoder.cc">
      <Filter>draco\metadata</Filter>
    </ClCompile>
    <ClCompile Include="..\dependencies\draco\draco\point_cloud\point_cloud.cc">
      <Filter>draco\point_cloud</Filter>
    </ClCompile>
    <ClCompile Include="..\dependencies\draco\draco\point_cloud\point_cloud_builder.cc">
      <Filter>draco\point_cloud</Filter>
    </ClCompile>
    <ClCompile Include="..\dependencies\draco\draco\compression\attributes\attributes_decoder.cc">
      <Filter>draco\compression\attributes</Filter>
    </ClCompile>
    <ClCompile Include="..\dependencies\draco\draco\compression\attributes\kd_tree_attributes_decoder.cc">
      <Filter>draco\compression\attributes</Filter>
    </ClCompile>
    <ClCompile Include="..\dependencies\draco\draco\compression\attributes\sequential_attribute_decoder.cc">
      <Filter>draco\compression\attributes</Filter>
    </ClCompile>
    <ClCompile Include="..\dependencies\draco\draco\compression\attributes\sequential_attribute_decoders_controller.cc">
      <Filter>draco\compression\attributes</Filter>
    </ClCompile>
    <ClCompile Include="..\dependencies\draco\draco\compression\attributes\sequential_integer_attribute_decoder.cc">
      <Filter>draco\compression\attributes</Filter>
    </ClCompile>
    <ClCompile Include="..\dependencies\draco\draco\compression\attributes\sequential_normal_attribute_decoder.cc">
      <Filter>draco\compression\attributes</Filter>
    </ClCompile>
    <ClCompile Include="..\dependencies\draco\draco\compression\attributes\sequential_quantization_attribute_decoder.cc">
      <Filter>draco\compression\attributes</Filter>
    </ClCompile>
    <ClCompile Include="..\dependencies\draco\draco\compression\bit_coders\adaptive_rans_bit_decoder.cc">
      <Filter>draco\compression\bit_coders</Filter>
    </ClCompile>
    <ClCompile Include="..\dependencies\draco\draco\compression\bit_coders\direct_bit_decoder.cc">
      <Filter>draco\compression\bit_coders</Filter>
    </ClCompile>
    <ClCompile Include="..\dependencies\draco\draco\compression\bit_coders\rans_bit_decoder.cc">
      <Filter>draco\compression\bit_coders</Filter>
    </ClCompile>
    <ClCompile Include="..\dependencies\draco\draco\compression\bit_coders\symbol_bit_decoder.cc">
      <Filter>draco\compression\bit_coders</Filter>
    </ClCompile>
    <ClCompile Include="..\dependencies\draco\draco\compression\entropy\shannon_entropy.cc">
      <Filter>draco\compression\entropy</Filter>
    </ClCompile>
    <ClCompile Include="..\dependencies\draco\draco\compression\entropy\symbol_decoding.cc">
      <Filter>draco\compression\entropy</Filter>
    </ClCompile>
    <ClCompile Include="..\dependencies\draco\draco\compression\mesh\mesh_decoder.cc">
      <Filter>draco\compression\mesh</Filter>
    </ClCompile>
    <ClCompile Include="..\dependencies\draco\draco\compression\mesh\mesh_edgebreaker_decoder.cc">
      <Filter>draco\compression\mesh</Filter>
    </ClCompile>
    <ClCompile Include="..\dependencies\draco\draco\compression\mesh\mesh_edgebreaker_decoder_impl.cc">
      <Filter>draco\compression\mesh</Filter>
    </ClCompile>
    <ClCompile Include="..\dependencies\draco\draco\compression\mesh\mesh_sequential_decoder.cc">
      <Filter>draco\compression\mesh</Filter>
    </ClCompile>
    <ClCompile Include="..\dependencies\draco\draco\compression\point_cloud\point_cloud_decoder.cc">
      <Filter>draco\compression\point_cloud</Filter>
    </ClCompile>
    <ClCompile Include="..\dependencies\draco\draco\compression\point_cloud\point_cloud_kd_tree_decoder.cc">
      <Filter>draco\compression\point_cloud</Filter>
    </ClCompile>
    <ClCompile Include="..\dependencies\draco\draco\compression\point_cloud\point_cloud_sequential_decoder.cc">
      <Filter>draco\compression\point_cloud</Filter>
    </ClCompile>
    <ClCompile Include="..\dependencies\draco\draco\compression\point_cloud\algorithms\dynamic_integer_points_kd_tree_decoder.cc">
      <Filter>draco\compression\point_cloud\algorithms</Filter>
    </ClCompile>
    <ClCompile Include="..\dependencies\draco\draco\compression\point_cloud\algorithms\float_points_tree_decoder.cc">
      <Filter>draco\compression\point_cloud\algorithms</Filter>
    </ClCompile>
    <ClCompile Include="..\dependencies\draco\draco\compression\point_cloud\algorithms\integer_points_kd_tree_decoder.cc">
      <Filter>draco\compression\point_cloud\algorithms</Filter>
    </ClCompile>
    <ClCompile Include="..\dependencies\draco\draco\compression\decode.cc">
      <Filter>draco\compression</Filter>
    </ClCompile>
    <ClCompile Include="..\src\Line.cpp">
      <Filter>Hands-In-The-Web\Source Files\Base</Filter>
    </ClCompile>
    <ClCompile Include="..\src\SceneABC.cpp">
      <Filter>Hands-In-The-Web\Source Files\Alembic</Filter>
    </ClCompile>
    <ClCompile Include="..\src\SceneGraph.cpp">
      <Filter>Hands-In-The-Web\Source Files\Alembic</Filter>
    </ClCompile>
    <ClCompile Include="..\src\pch.cpp">
      <Filter>Hands-In-The-Web\Source Files\Alembic</Filter>
    </ClCompile>
    <ClCompile Include="..\src\AlembicMesh.cpp">
      <Filter>Hands-In-The-Web\Source Files\Alembic</Filter>
    </ClCompile>
  </ItemGroup>
  <ItemGroup>
    <ClInclude Include="..\dependencies\stb_image\stb_image\stb_image.h">
      <Filter>stb_image\Header Files</Filter>
    </ClInclude>
    <ClInclude Include="..\dependencies\imgui\imgui\imconfig.h">
      <Filter>imgui\Header Files</Filter>
    </ClInclude>
    <ClInclude Include="..\dependencies\imgui\imgui\imgui.h">
      <Filter>imgui\Header Files</Filter>
    </ClInclude>
    <ClInclude Include="..\dependencies\imgui\imgui\imgui_impl_glfw.h">
      <Filter>imgui\Header Files</Filter>
    </ClInclude>
    <ClInclude Include="..\dependencies\imgui\imgui\imgui_impl_opengl3.h">
      <Filter>imgui\Header Files</Filter>
    </ClInclude>
    <ClInclude Include="..\dependencies\imgui\imgui\imgui_internal.h">
      <Filter>imgui\Header Files</Filter>
    </ClInclude>
    <ClInclude Include="..\dependencies\imgui\imgui\imstb_rectpack.h">
      <Filter>imgui\Header Files</Filter>
    </ClInclude>
    <ClInclude Include="..\dependencies\imgui\imgui\imstb_textedit.h">
      <Filter>imgui\Header Files</Filter>
    </ClInclude>
    <ClInclude Include="..\dependencies\imgui\imgui\imstb_truetype.h">
      <Filter>imgui\Header Files</Filter>
    </ClInclude>
    <ClInclude Include="..\inc\Camera.h">
      <Filter>Hands-In-The-Web\Header Files\Base</Filter>
    </ClInclude>
    <ClInclude Include="..\inc\FiniteStateMachine.h">
      <Filter>Hands-In-The-Web\Header Files\Base</Filter>
    </ClInclude>
    <ClInclude Include="..\inc\Game.h">
      <Filter>Hands-In-The-Web\Header Files\Base</Filter>
    </ClInclude>
    <ClInclude Include="..\inc\ResourceManager.h">
      <Filter>Hands-In-The-Web\Header Files\Base</Filter>
    </ClInclude>
    <ClInclude Include="..\inc\Shader.h">
      <Filter>Hands-In-The-Web\Header Files\Base</Filter>
    </ClInclude>
    <ClInclude Include="..\inc\ShaderLoader.h">
      <Filter>Hands-In-The-Web\Header Files\Base</Filter>
    </ClInclude>
    <ClInclude Include="..\inc\State.h">
      <Filter>Hands-In-The-Web\Header Files\Base</Filter>
    </ClInclude>
    <ClInclude Include="..\inc\Texture.h">
      <Filter>Hands-In-The-Web\Header Files\Base</Filter>
    </ClInclude>
    <ClInclude Include="..\inc\TextureLoader.h">
      <Filter>Hands-In-The-Web\Header Files\Base</Filter>
    </ClInclude>
    <ClInclude Include="..\inc\Window.h">
      <Filter>Hands-In-The-Web\Header Files\Base</Filter>
    </ClInclude>
    <ClInclude Include="..\inc\Quat.h">
      <Filter>Hands-In-The-Web\Header Files\Math</Filter>
    </ClInclude>
    <ClInclude Include="..\inc\Transform.h">
      <Filter>Hands-In-The-Web\Header Files\Math</Filter>
    </ClInclude>
    <ClInclude Include="..\inc\Frame.h">
      <Filter>Hands-In-The-Web\Header Files\Animation</Filter>
    </ClInclude>
    <ClInclude Include="..\inc\Interpolation.h">
      <Filter>Hands-In-The-Web\Header Files\Animation</Filter>
    </ClInclude>
    <ClInclude Include="..\inc\Track.h">
      <Filter>Hands-In-The-Web\Header Files\Animation</Filter>
    </ClInclude>
    <ClInclude Include="..\inc\TransformTrack.h">
      <Filter>Hands-In-The-Web\Header Files\Animation</Filter>
    </ClInclude>
    <ClInclude Include="..\inc\Pose.h">
      <Filter>Hands-In-The-Web\Header Files\Animation</Filter>
    </ClInclude>
    <ClInclude Include="..\inc\Clip.h">
      <Filter>Hands-In-The-Web\Header Files\Animation</Filter>
    </ClInclude>
    <ClInclude Include="..\inc\Skeleton.h">
      <Filter>Hands-In-The-Web\Header Files\Animation</Filter>
    </ClInclude>
    <ClInclude Include="..\dependencies\cgltf\cgltf\cgltf.h">
      <Filter>cgltf\Header Files</Filter>
    </ClInclude>
    <ClInclude Include="..\inc\GLTFLoader.h">
      <Filter>Hands-In-The-Web\Header Files\GLTF</Filter>
    </ClInclude>
    <ClInclude Include="..\inc\RearrangeBones.h">
      <Filter>Hands-In-The-Web\Header Files\Animation</Filter>
    </ClInclude>
    <ClInclude Include="..\inc\AnimatedMesh.h">
      <Filter>Hands-In-The-Web\Header Files\Base</Filter>
    </ClInclude>
    <ClInclude Include="..\inc\Blending.h">
      <Filter>Hands-In-The-Web\Header Files\Animation\Blending</Filter>
    </ClInclude>
    <ClInclude Include="..\inc\CrossFadeTarget.h">
      <Filter>Hands-In-The-Web\Header Files\Animation\Blending</Filter>
    </ClInclude>
    <ClInclude Include="..\inc\Ray.h">
      <Filter>Hands-In-The-Web\Header Files\Physics</Filter>
    </ClInclude>
    <ClInclude Include="..\inc\Triangle.h">
      <Filter>Hands-In-The-Web\Header Files\Physics</Filter>
    </ClInclude>
    <ClInclude Include="..\inc\CrossFadeControllerMultiple.h">
      <Filter>Hands-In-The-Web\Header Files\Animation\Blending</Filter>
    </ClInclude>
    <ClInclude Include="..\inc\Camera3.h">
      <Filter>Hands-In-The-Web\Header Files\Base</Filter>
    </ClInclude>
    <ClInclude Include="..\inc\PlayState.h">
      <Filter>Hands-In-The-Web\Header Files\Base</Filter>
    </ClInclude>
    <ClInclude Include="..\inc\AudioSource.h">
      <Filter>Hands-In-The-Web\Header Files\Base</Filter>
    </ClInclude>
    <ClInclude Include="..\inc\AudioEngine.h">
      <Filter>Hands-In-The-Web\Header Files\Base</Filter>
    </ClInclude>
    <ClInclude Include="..\dependencies\dr_libs\dr_libs\dr_wav.h">
      <Filter>dr_libs\Header Files</Filter>
    </ClInclude>
    <ClInclude Include="..\inc\Utility.h">
      <Filter>Hands-In-The-Web\Header Files\Math</Filter>
    </ClInclude>
    <ClInclude Include="..\inc\StaticMesh.h">
      <Filter>Hands-In-The-Web\Header Files\Base</Filter>
    </ClInclude>
    <ClInclude Include="..\inc\Plane.h">
      <Filter>Hands-In-The-Web\Header Files\Physics</Filter>
    </ClInclude>
    <ClInclude Include="..\inc\SimpleMesh.h">
      <Filter>Hands-In-The-Web\Header Files\Base</Filter>
    </ClInclude>
    <ClInclude Include="..\inc\Sky.h">
      <Filter>Hands-In-The-Web\Header Files\Base</Filter>
    </ClInclude>
    <ClInclude Include="..\inc\Line.h">
      <Filter>Hands-In-The-Web\Header Files\Base</Filter>
    </ClInclude>
    <ClInclude Include="..\inc\SceneGraph.h">
      <Filter>Hands-In-The-Web\Header Files\Alembic</Filter>
    </ClInclude>
    <ClInclude Include="..\inc\WebAlembicViewer.h">
      <Filter>Hands-In-The-Web\Header Files\Alembic</Filter>
    </ClInclude>
    <ClInclude Include="..\inc\sfbxTypes.h">
      <Filter>Hands-In-The-Web\Header Files\Alembic</Filter>
    </ClInclude>
    <ClInclude Include="..\inc\sfbxRawVector.h">
      <Filter>Hands-In-The-Web\Header Files\Alembic</Filter>
    </ClInclude>
    <ClInclude Include="..\inc\sfbxMeta.h">
      <Filter>Hands-In-The-Web\Header Files\Alembic</Filter>
    </ClInclude>
    <ClInclude Include="..\inc\pch.h">
      <Filter>Hands-In-The-Web\Header Files\Alembic</Filter>
    </ClInclude>
    <ClInclude Include="..\inc\VectorMath.h">
      <Filter>Hands-In-The-Web\Header Files\Alembic</Filter>
    </ClInclude>
    <ClInclude Include="..\inc\AlembicMesh.h">
      <Filter>Hands-In-The-Web\Header Files\Alembic</Filter>
    </ClInclude>
  </ItemGroup>
  <ItemGroup>
    <Filter Include="glad">
      <UniqueIdentifier>{41442bc0-325c-4d23-9880-98105f1f2351}</UniqueIdentifier>
    </Filter>
    <Filter Include="glad\Source Files">
      <UniqueIdentifier>{6038a6f1-bbdd-431f-a9e5-82eff4334e79}</UniqueIdentifier>
    </Filter>
    <Filter Include="stb_image">
      <UniqueIdentifier>{2d1fcf88-d0b3-47dc-9ba5-e563f93cc3f0}</UniqueIdentifier>
    </Filter>
    <Filter Include="stb_image\Source Files">
      <UniqueIdentifier>{4939593d-d351-4e02-a320-d63d045fc0dd}</UniqueIdentifier>
    </Filter>
    <Filter Include="stb_image\Header Files">
      <UniqueIdentifier>{a044b704-77d1-4612-9e00-a1dc4954c674}</UniqueIdentifier>
    </Filter>
    <Filter Include="imgui">
      <UniqueIdentifier>{320dc8ec-0288-4726-a675-a52397539372}</UniqueIdentifier>
    </Filter>
    <Filter Include="imgui\Header Files">
      <UniqueIdentifier>{165ccf5b-448f-4195-bfc7-f96ad535110c}</UniqueIdentifier>
    </Filter>
    <Filter Include="imgui\Source Files">
      <UniqueIdentifier>{c202f461-3133-4161-af24-7b42ab803601}</UniqueIdentifier>
    </Filter>
    <Filter Include="cgltf">
      <UniqueIdentifier>{2258a12e-e88c-4122-9296-65e21333fb6d}</UniqueIdentifier>
    </Filter>
    <Filter Include="cgltf\Header Files">
      <UniqueIdentifier>{cb44ea0f-0562-49b8-8248-03464fbad116}</UniqueIdentifier>
    </Filter>
    <Filter Include="cgltf\Source Files">
      <UniqueIdentifier>{ca63f70b-bad1-4bde-bf0c-d2a927512633}</UniqueIdentifier>
    </Filter>
    <Filter Include="Hands-In-The-Web">
      <UniqueIdentifier>{9ec9c298-d5c4-49bf-a3c1-e6e87cd4967b}</UniqueIdentifier>
    </Filter>
    <Filter Include="Hands-In-The-Web\Header Files">
      <UniqueIdentifier>{5f2ff2bb-204b-4340-bade-bc956377621b}</UniqueIdentifier>
    </Filter>
    <Filter Include="Hands-In-The-Web\Header Files\Base">
      <UniqueIdentifier>{57494713-732a-4c22-a4e1-a89a13b061cf}</UniqueIdentifier>
    </Filter>
    <Filter Include="Hands-In-The-Web\Header Files\Math">
      <UniqueIdentifier>{5faa0a4a-724c-4990-8f17-e2fc0a02df0b}</UniqueIdentifier>
    </Filter>
    <Filter Include="Hands-In-The-Web\Header Files\Animation">
      <UniqueIdentifier>{2f1c2aab-3dba-4fc6-b593-3db84c628e44}</UniqueIdentifier>
    </Filter>
    <Filter Include="Hands-In-The-Web\Header Files\Animation\Blending">
      <UniqueIdentifier>{29824537-20a9-4b77-b9c6-a4340ce8fd57}</UniqueIdentifier>
    </Filter>
    <Filter Include="Hands-In-The-Web\Header Files\GLTF">
      <UniqueIdentifier>{e19a1c59-38db-4803-866e-c82d941736b6}</UniqueIdentifier>
    </Filter>
    <Filter Include="Hands-In-The-Web\Source Files">
      <UniqueIdentifier>{5da93047-441c-41b6-9301-24322f80ad49}</UniqueIdentifier>
    </Filter>
    <Filter Include="Hands-In-The-Web\Source Files\Base">
      <UniqueIdentifier>{b6598835-209d-499c-ad6f-4a959307165e}</UniqueIdentifier>
    </Filter>
    <Filter Include="Hands-In-The-Web\Source Files\Math">
      <UniqueIdentifier>{5e6627a8-3e2f-4380-bd2b-a691b9fc952f}</UniqueIdentifier>
    </Filter>
    <Filter Include="Hands-In-The-Web\Source Files\Animation">
      <UniqueIdentifier>{6970468a-f448-42eb-879d-892784e8da63}</UniqueIdentifier>
    </Filter>
    <Filter Include="Hands-In-The-Web\Source Files\Animation\Blending">
      <UniqueIdentifier>{6dce106b-0783-4d3d-ac53-23f34c0ee112}</UniqueIdentifier>
    </Filter>
    <Filter Include="Hands-In-The-Web\Source Files\GLTF">
      <UniqueIdentifier>{15bc05b7-8bc3-4c1c-8aea-143e188e7ecb}</UniqueIdentifier>
    </Filter>
    <Filter Include="dr_libs">
      <UniqueIdentifier>{78763fb3-48c6-4f11-ae98-a2f26f635d56}</UniqueIdentifier>
    </Filter>
    <Filter Include="dr_libs\Header Files">
      <UniqueIdentifier>{6f20987a-c71a-48f8-b188-f5e64c19620f}</UniqueIdentifier>
    </Filter>
    <Filter Include="dr_libs\Source Files">
      <UniqueIdentifier>{25fc40ef-e84a-4ba1-947e-83eb8e31dc63}</UniqueIdentifier>
    </Filter>
    <Filter Include="Hands-In-The-Web\Header Files\Physics">
      <UniqueIdentifier>{ea7ed313-6963-45ff-8c96-bd00116ea60e}</UniqueIdentifier>
    </Filter>
    <Filter Include="Hands-In-The-Web\Source Files\Physics">
      <UniqueIdentifier>{20a5dc86-88e4-4bc7-aa9e-8c5069027b61}</UniqueIdentifier>
    </Filter>
    <Filter Include="draco">
      <UniqueIdentifier>{3ab3c1c4-3151-47c2-89c6-817bc86b102c}</UniqueIdentifier>
    </Filter>
    <Filter Include="draco\attributes">
      <UniqueIdentifier>{cf839609-75d1-4f0a-a118-4efe3e20eeaa}</UniqueIdentifier>
    </Filter>
    <Filter Include="draco\compression">
      <UniqueIdentifier>{7fe9df42-9384-4987-8113-8859df4345c4}</UniqueIdentifier>
    </Filter>
    <Filter Include="draco\core">
      <UniqueIdentifier>{ee1e3c5e-5a4a-442a-beb1-0aa706b44296}</UniqueIdentifier>
    </Filter>
    <Filter Include="draco\mesh">
      <UniqueIdentifier>{950d7004-1875-4c50-a2d0-b241c5d5a383}</UniqueIdentifier>
    </Filter>
    <Filter Include="draco\metadata">
      <UniqueIdentifier>{e70a0873-c546-4070-a996-9f6543f475f8}</UniqueIdentifier>
    </Filter>
    <Filter Include="draco\point_cloud">
      <UniqueIdentifier>{f2374e0a-9681-471a-aed9-ff5727ddd7a2}</UniqueIdentifier>
    </Filter>
    <Filter Include="draco\compression\attributes">
      <UniqueIdentifier>{33cf2e77-996a-4cfd-88b0-c828161f064a}</UniqueIdentifier>
    </Filter>
    <Filter Include="draco\compression\bit_coders">
      <UniqueIdentifier>{58683df5-9894-4aa6-9888-d7526b0cbf93}</UniqueIdentifier>
    </Filter>
    <Filter Include="draco\compression\entropy">
      <UniqueIdentifier>{566fe49b-029a-406e-9147-7fcdf89064a0}</UniqueIdentifier>
    </Filter>
    <Filter Include="draco\compression\mesh">
      <UniqueIdentifier>{1a88b80c-3deb-4d49-8403-f66377ff3e46}</UniqueIdentifier>
    </Filter>
    <Filter Include="draco\compression\point_cloud">
      <UniqueIdentifier>{8ddced27-37b8-491d-bd9d-19276f9c3f15}</UniqueIdentifier>
    </Filter>
    <Filter Include="draco\compression\point_cloud\algorithms">
      <UniqueIdentifier>{25707283-42a9-4cc2-9630-89ceb8558436}</UniqueIdentifier>
    </Filter>
    <Filter Include="Hands-In-The-Web\Header Files\Alembic">
      <UniqueIdentifier>{f29d7822-81bd-4857-87ca-7923d0aa3006}</UniqueIdentifier>
    </Filter>
    <Filter Include="Hands-In-The-Web\Source Files\Alembic">
      <UniqueIdentifier>{23ee70c0-85f7-4a66-b404-d6ce1c2be39a}</UniqueIdentifier>
    </Filter>
  </ItemGroup>
</Project>